DavidEGx/ctrlp-smarttabs (002)
ZoomWin (24)
dwm.vim (0.1.2)
golden-ratio (0.0.5)
grep.vim (1.11)
kana/vim-textobj-indent (0.0.6)
kana/vim-textobj-user (0.7.1)
kien/ctrlp.vim (1.79)
lokaltog/vim-easymotion (v2.1.0)
matze/vim-move (v1.3)
nelstrom/vim-textobj-rubyblock (0.0.3)
tpope/vim-commentary (v1.2)
